
Microsoft Visual Studio Solution File, Format Version 12.00
# Visual Studio Version 17
VisualStudioVersion = 17.5.002.0
MinimumVisualStudioVersion = 10.0.40219.1
Project("{2150E333-8FDC-42A3-9474-1A3956D46DE8}") = "csharp-prep", "csharp-prep", "{903B904D-89CC-43CE-91A6-AA5FD9EEDE44}"
EndProject
Project("{9A19103F-16F7-4668-BE54-9A1E7A4F7556}") = "Prep1", "csharp-prep\Prep1\Prep1.csproj", "{6EC3F9F5-0444-4614-8B4E-D16A14E488D7}"
EndProject
Project("{9A19103F-16F7-4668-BE54-9A1E7A4F7556}") = "Prep2", "csharp-prep\Prep2\Prep2.csproj", "{7C6DF63A-EF92-46BB-A136-DFA515C3A051}"
EndProject
Project("{9A19103F-16F7-4668-BE54-9A1E7A4F7556}") = "Prep3", "csharp-prep\Prep3\Prep3.csproj", "{B12E62DD-ED3C-491B-A292-AF8ABE22C468}"
EndProject
Project("{9A19103F-16F7-4668-BE54-9A1E7A4F7556}") = "Prep4", "csharp-prep\Prep4\Prep4.csproj", "{0ED882E9-C1C7-45B9-9B89-44476C9A14BC}"
EndProject
Project("{9A19103F-16F7-4668-BE54-9A1E7A4F7556}") = "Prep5", "csharp-prep\Prep5\Prep5.csproj", "{3FD7A69F-5A97-4C8A-9717-FE8B17EF6A00}"
EndProject
Project("{2150E333-8FDC-42A3-9474-1A3956D46DE8}") = "final", "final", "{63081FA7-166F-4EA0-9AF6-E56F94255AEA}"
EndProject
Project("{9A19103F-16F7-4668-BE54-9A1E7A4F7556}") = "FinalProject", "final\FinalProject\FinalProject.csproj", "{6AB0E948-A180-4B50-B325-CBCD63A61E34}"
EndProject
Project("{9A19103F-16F7-4668-BE54-9A1E7A4F7556}") = "Foundation1", "final\Foundation1\Foundation1.csproj", "{DE438989-7B7B-4CB5-A5CA-CA7933085142}"
EndProject
Project("{9A19103F-16F7-4668-BE54-9A1E7A4F7556}") = "Foundation2", "final\Foundation2\Foundation2.csproj", "{2E6FAB97-A0D4-4BD5-904C-616FE416A9CE}"
EndProject
Project("{9A19103F-16F7-4668-BE54-9A1E7A4F7556}") = "Foundation3", "final\Foundation3\Foundation3.csproj", "{48B6EC08-A5C3-4B04-8CB6-9DD32939BA78}"
EndProject
Project("{9A19103F-16F7-4668-BE54-9A1E7A4F7556}") = "Foundation4", "final\Foundation4\Foundation4.csproj", "{C2F5E817-51EE-49B2-A4FD-D362CAAEA47A}"
EndProject
Project("{2150E333-8FDC-42A3-9474-1A3956D46DE8}") = "prepare", "prepare", "{6B03AF2A-B299-4FC7-8CC2-8EFA3732E9B3}"
EndProject
Project("{9A19103F-16F7-4668-BE54-9A1E7A4F7556}") = "Learning02", "prepare\Learning02\Learning02.csproj", "{4CAB37AC-857A-4529-B07C-C54F69180EDC}"
EndProject
Project("{9A19103F-16F7-4668-BE54-9A1E7A4F7556}") = "Learning03", "prepare\Learning03\Learning03.csproj", "{20B4E511-CC72-4271-9F0D-D4B6BBCC6BFA}"
EndProject
Project("{9A19103F-16F7-4668-BE54-9A1E7A4F7556}") = "Learning04", "prepare\Learning04\Learning04.csproj", "{0A3A392D-5454-43CE-81E8-E19CCA00C92E}"
EndProject
Project("{9A19103F-16F7-4668-BE54-9A1E7A4F7556}") = "Learning05", "prepare\Learning05\Learning05.csproj", "{40C04DF9-8007-4E37-864A-8CA7521F19B6}"
EndProject
Project("{2150E333-8FDC-42A3-9474-1A3956D46DE8}") = "prove", "prove", "{0C30F2C0-B68D-488F-85AE-F377E0D0660A}"
EndProject
Project("{9A19103F-16F7-4668-BE54-9A1E7A4F7556}") = "Develop02", "prove\Develop02\Develop02.csproj", "{0EAEE422-EF2C-49E7-98F2-F376388785AF}"
EndProject
Project("{9A19103F-16F7-4668-BE54-9A1E7A4F7556}") = "Develop03", "prove\Develop03\Develop03.csproj", "{D6A7A8F0-E809-4119-8FFF-3BFF83C710D3}"
EndProject
Project("{9A19103F-16F7-4668-BE54-9A1E7A4F7556}") = "Develop04", "prove\Develop04\Develop04.csproj", "{A1B3FC60-F00C-46BA-A102-78CBC7820F52}"
EndProject
Project("{9A19103F-16F7-4668-BE54-9A1E7A4F7556}") = "Develop05", "prove\Develop05\Develop05.csproj", "{8E4BDAF2-F49F-4844-A019-E840DC4AB125}"
EndProject
Project("{2150E333-8FDC-42A3-9474-1A3956D46DE8}") = "sandbox", "sandbox", "{280F56A5-0378-41DE-91BF-F70B434B005C}"
EndProject
Project("{9A19103F-16F7-4668-BE54-9A1E7A4F7556}") = "Sandbox", "sandbox\Sandbox\Sandbox.csproj", "{DB285886-352D-4A26-A1F8-C8E6628720DE}"
EndProject
Global
	GlobalSection(SolutionConfigurationPlatforms) = preSolution
		Debug|Any CPU = Debug|Any CPU
		Release|Any CPU = Release|Any CPU
	EndGlobalSection
	GlobalSection(ProjectConfigurationPlatforms) = postSolution
		{6EC3F9F5-0444-4614-8B4E-D16A14E488D7}.Debug|Any CPU.ActiveCfg = Debug|Any CPU
		{6EC3F9F5-0444-4614-8B4E-D16A14E488D7}.Debug|Any CPU.Build.0 = Debug|Any CPU
		{6EC3F9F5-0444-4614-8B4E-D16A14E488D7}.Release|Any CPU.ActiveCfg = Release|Any CPU
		{6EC3F9F5-0444-4614-8B4E-D16A14E488D7}.Release|Any CPU.Build.0 = Release|Any CPU
		{7C6DF63A-EF92-46BB-A136-DFA515C3A051}.Debug|Any CPU.ActiveCfg = Debug|Any CPU
		{7C6DF63A-EF92-46BB-A136-DFA515C3A051}.Debug|Any CPU.Build.0 = Debug|Any CPU
		{7C6DF63A-EF92-46BB-A136-DFA515C3A051}.Release|Any CPU.ActiveCfg = Release|Any CPU
		{7C6DF63A-EF92-46BB-A136-DFA515C3A051}.Release|Any CPU.Build.0 = Release|Any CPU
		{B12E62DD-ED3C-491B-A292-AF8ABE22C468}.Debug|Any CPU.ActiveCfg = Debug|Any CPU
		{B12E62DD-ED3C-491B-A292-AF8ABE22C468}.Debug|Any CPU.Build.0 = Debug|Any CPU
		{B12E62DD-ED3C-491B-A292-AF8ABE22C468}.Release|Any CPU.ActiveCfg = Release|Any CPU
		{B12E62DD-ED3C-491B-A292-AF8ABE22C468}.Release|Any CPU.Build.0 = Release|Any CPU
		{0ED882E9-C1C7-45B9-9B89-44476C9A14BC}.Debug|Any CPU.ActiveCfg = Debug|Any CPU
		{0ED882E9-C1C7-45B9-9B89-44476C9A14BC}.Debug|Any CPU.Build.0 = Debug|Any CPU
		{0ED882E9-C1C7-45B9-9B89-44476C9A14BC}.Release|Any CPU.ActiveCfg = Release|Any CPU
		{0ED882E9-C1C7-45B9-9B89-44476C9A14BC}.Release|Any CPU.Build.0 = Release|Any CPU
		{3FD7A69F-5A97-4C8A-9717-FE8B17EF6A00}.Debug|Any CPU.ActiveCfg = Debug|Any CPU
		{3FD7A69F-5A97-4C8A-9717-FE8B17EF6A00}.Debug|Any CPU.Build.0 = Debug|Any CPU
		{3FD7A69F-5A97-4C8A-9717-FE8B17EF6A00}.Release|Any CPU.ActiveCfg = Release|Any CPU
		{3FD7A69F-5A97-4C8A-9717-FE8B17EF6A00}.Release|Any CPU.Build.0 = Release|Any CPU
		{6AB0E948-A180-4B50-B325-CBCD63A61E34}.Debug|Any CPU.ActiveCfg = Debug|Any CPU
		{6AB0E948-A180-4B50-B325-CBCD63A61E34}.Debug|Any CPU.Build.0 = Debug|Any CPU
		{6AB0E948-A180-4B50-B325-CBCD63A61E34}.Release|Any CPU.ActiveCfg = Release|Any CPU
		{6AB0E948-A180-4B50-B325-CBCD63A61E34}.Release|Any CPU.Build.0 = Release|Any CPU
		{DE438989-7B7B-4CB5-A5CA-CA7933085142}.Debug|Any CPU.ActiveCfg = Debug|Any CPU
		{DE438989-7B7B-4CB5-A5CA-CA7933085142}.Debug|Any CPU.Build.0 = Debug|Any CPU
		{DE438989-7B7B-4CB5-A5CA-CA7933085142}.Release|Any CPU.ActiveCfg = Release|Any CPU
		{DE438989-7B7B-4CB5-A5CA-CA7933085142}.Release|Any CPU.Build.0 = Release|Any CPU
		{2E6FAB97-A0D4-4BD5-904C-616FE416A9CE}.Debug|Any CPU.ActiveCfg = Debug|Any CPU
		{2E6FAB97-A0D4-4BD5-904C-616FE416A9CE}.Debug|Any CPU.Build.0 = Debug|Any CPU
		{2E6FAB97-A0D4-4BD5-904C-616FE416A9CE}.Release|Any CPU.ActiveCfg = Release|Any CPU
		{2E6FAB97-A0D4-4BD5-904C-616FE416A9CE}.Release|Any CPU.Build.0 = Release|Any CPU
		{48B6EC08-A5C3-4B04-8CB6-9DD32939BA78}.Debug|Any CPU.ActiveCfg = Debug|Any CPU
		{48B6EC08-A5C3-4B04-8CB6-9DD32939BA78}.Debug|Any CPU.Build.0 = Debug|Any CPU
		{48B6EC08-A5C3-4B04-8CB6-9DD32939BA78}.Release|Any CPU.ActiveCfg = Release|Any CPU
		{48B6EC08-A5C3-4B04-8CB6-9DD32939BA78}.Release|Any CPU.Build.0 = Release|Any CPU
		{C2F5E817-51EE-49B2-A4FD-D362CAAEA47A}.Debug|Any CPU.ActiveCfg = Debug|Any CPU
		{C2F5E817-51EE-49B2-A4FD-D362CAAEA47A}.Debug|Any CPU.Build.0 = Debug|Any CPU
		{C2F5E817-51EE-49B2-A4FD-D362CAAEA47A}.Release|Any CPU.ActiveCfg = Release|Any CPU
		{C2F5E817-51EE-49B2-A4FD-D362CAAEA47A}.Release|Any CPU.Build.0 = Release|Any CPU
		{4CAB37AC-857A-4529-B07C-C54F69180EDC}.Debug|Any CPU.ActiveCfg = Debug|Any CPU
		{4CAB37AC-857A-4529-B07C-C54F69180EDC}.Debug|Any CPU.Build.0 = Debug|Any CPU
		{4CAB37AC-857A-4529-B07C-C54F69180EDC}.Release|Any CPU.ActiveCfg = Release|Any CPU
		{4CAB37AC-857A-4529-B07C-C54F69180EDC}.Release|Any CPU.Build.0 = Release|Any CPU
		{20B4E511-CC72-4271-9F0D-D4B6BBCC6BFA}.Debug|Any CPU.ActiveCfg = Debug|Any CPU
		{20B4E511-CC72-4271-9F0D-D4B6BBCC6BFA}.Debug|Any CPU.Build.0 = Debug|Any CPU
		{20B4E511-CC72-4271-9F0D-D4B6BBCC6BFA}.Release|Any CPU.ActiveCfg = Release|Any CPU
		{20B4E511-CC72-4271-9F0D-D4B6BBCC6BFA}.Release|Any CPU.Build.0 = Release|Any CPU
		{0A3A392D-5454-43CE-81E8-E19CCA00C92E}.Debug|Any CPU.ActiveCfg = Debug|Any CPU
		{0A3A392D-5454-43CE-81E8-E19CCA00C92E}.Debug|Any CPU.Build.0 = Debug|Any CPU
		{0A3A392D-5454-43CE-81E8-E19CCA00C92E}.Release|Any CPU.ActiveCfg = Release|Any CPU
		{0A3A392D-5454-43CE-81E8-E19CCA00C92E}.Release|Any CPU.Build.0 = Release|Any CPU
		{40C04DF9-8007-4E37-864A-8CA7521F19B6}.Debug|Any CPU.ActiveCfg = Debug|Any CPU
		{40C04DF9-8007-4E37-864A-8CA7521F19B6}.Debug|Any CPU.Build.0 = Debug|Any CPU
		{40C04DF9-8007-4E37-864A-8CA7521F19B6}.Release|Any CPU.ActiveCfg = Release|Any CPU
		{40C04DF9-8007-4E37-864A-8CA7521F19B6}.Release|Any CPU.Build.0 = Release|Any CPU
		{0EAEE422-EF2C-49E7-98F2-F376388785AF}.Debug|Any CPU.ActiveCfg = Debug|Any CPU
		{0EAEE422-EF2C-49E7-98F2-F376388785AF}.Debug|Any CPU.Build.0 = Debug|Any CPU
		{0EAEE422-EF2C-49E7-98F2-F376388785AF}.Release|Any CPU.ActiveCfg = Release|Any CPU
		{0EAEE422-EF2C-49E7-98F2-F376388785AF}.Release|Any CPU.Build.0 = Release|Any CPU
		{D6A7A8F0-E809-4119-8FFF-3BFF83C710D3}.Debug|Any CPU.ActiveCfg = Debug|Any CPU
		{D6A7A8F0-E809-4119-8FFF-3BFF83C710D3}.Debug|Any CPU.Build.0 = Debug|Any CPU
		{D6A7A8F0-E809-4119-8FFF-3BFF83C710D3}.Release|Any CPU.ActiveCfg = Release|Any CPU
		{D6A7A8F0-E809-4119-8FFF-3BFF83C710D3}.Release|Any CPU.Build.0 = Release|Any CPU
		{A1B3FC60-F00C-46BA-A102-78CBC7820F52}.Debug|Any CPU.ActiveCfg = Debug|Any CPU
		{A1B3FC60-F00C-46BA-A102-78CBC7820F52}.Debug|Any CPU.Build.0 = Debug|Any CPU
		{A1B3FC60-F00C-46BA-A102-78CBC7820F52}.Release|Any CPU.ActiveCfg = Release|Any CPU
		{A1B3FC60-F00C-46BA-A102-78CBC7820F52}.Release|Any CPU.Build.0 = Release|Any CPU
		{8E4BDAF2-F49F-4844-A019-E840DC4AB125}.Debug|Any CPU.ActiveCfg = Debug|Any CPU
		{8E4BDAF2-F49F-4844-A019-E840DC4AB125}.Debug|Any CPU.Build.0 = Debug|Any CPU
		{8E4BDAF2-F49F-4844-A019-E840DC4AB125}.Release|Any CPU.ActiveCfg = Release|Any CPU
		{8E4BDAF2-F49F-4844-A019-E840DC4AB125}.Release|Any CPU.Build.0 = Release|Any CPU
		{DB285886-352D-4A26-A1F8-C8E6628720DE}.Debug|Any CPU.ActiveCfg = Debug|Any CPU
		{DB285886-352D-4A26-A1F8-C8E6628720DE}.Debug|Any CPU.Build.0 = Debug|Any CPU
		{DB285886-352D-4A26-A1F8-C8E6628720DE}.Release|Any CPU.ActiveCfg = Release|Any CPU
		{DB285886-352D-4A26-A1F8-C8E6628720DE}.Release|Any CPU.Build.0 = Release|Any CPU
	EndGlobalSection
	GlobalSection(SolutionProperties) = preSolution
		HideSolutionNode = FALSE
	EndGlobalSection
	GlobalSection(NestedProjects) = preSolution
		{6EC3F9F5-0444-4614-8B4E-D16A14E488D7} = {903B904D-89CC-43CE-91A6-AA5FD9EEDE44}
		{7C6DF63A-EF92-46BB-A136-DFA515C3A051} = {903B904D-89CC-43CE-91A6-AA5FD9EEDE44}
		{B12E62DD-ED3C-491B-A292-AF8ABE22C468} = {903B904D-89CC-43CE-91A6-AA5FD9EEDE44}
		{0ED882E9-C1C7-45B9-9B89-44476C9A14BC} = {903B904D-89CC-43CE-91A6-AA5FD9EEDE44}
		{3FD7A69F-5A97-4C8A-9717-FE8B17EF6A00} = {903B904D-89CC-43CE-91A6-AA5FD9EEDE44}
		{6AB0E948-A180-4B50-B325-CBCD63A61E34} = {63081FA7-166F-4EA0-9AF6-E56F94255AEA}
		{DE438989-7B7B-4CB5-A5CA-CA7933085142} = {63081FA7-166F-4EA0-9AF6-E56F94255AEA}
		{2E6FAB97-A0D4-4BD5-904C-616FE416A9CE} = {63081FA7-166F-4EA0-9AF6-E56F94255AEA}
		{48B6EC08-A5C3-4B04-8CB6-9DD32939BA78} = {63081FA7-166F-4EA0-9AF6-E56F94255AEA}
		{C2F5E817-51EE-49B2-A4FD-D362CAAEA47A} = {63081FA7-166F-4EA0-9AF6-E56F94255AEA}
		{4CAB37AC-857A-4529-B07C-C54F69180EDC} = {6B03AF2A-B299-4FC7-8CC2-8EFA3732E9B3}
		{20B4E511-CC72-4271-9F0D-D4B6BBCC6BFA} = {6B03AF2A-B299-4FC7-8CC2-8EFA3732E9B3}
		{0A3A392D-5454-43CE-81E8-E19CCA00C92E} = {6B03AF2A-B299-4FC7-8CC2-8EFA3732E9B3}
		{40C04DF9-8007-4E37-864A-8CA7521F19B6} = {6B03AF2A-B299-4FC7-8CC2-8EFA3732E9B3}
		{0EAEE422-EF2C-49E7-98F2-F376388785AF} = {0C30F2C0-B68D-488F-85AE-F377E0D0660A}
		{D6A7A8F0-E809-4119-8FFF-3BFF83C710D3} = {0C30F2C0-B68D-488F-85AE-F377E0D0660A}
		{A1B3FC60-F00C-46BA-A102-78CBC7820F52} = {0C30F2C0-B68D-488F-85AE-F377E0D0660A}
		{8E4BDAF2-F49F-4844-A019-E840DC4AB125} = {0C30F2C0-B68D-488F-85AE-F377E0D0660A}
		{DB285886-352D-4A26-A1F8-C8E6628720DE} = {280F56A5-0378-41DE-91BF-F70B434B005C}
	EndGlobalSection
	GlobalSection(ExtensibilityGlobals) = postSolution
		SolutionGuid = {9E46AF59-3DAF-46E9-8C7D-A71EE44A8231}
	EndGlobalSection
EndGlobal
